{
  "name": "view_ico",
  "version": "1.0.0",
  "lockfileVersion": 1,
  "requires": true,
  "dependencies": {
    "chai-bignumber": {
      "version": "3.0.0",
      "resolved": "https://registry.npmjs.org/chai-bignumber/-/chai-bignumber-3.0.0.tgz",
      "integrity": "sha512-SubOtaSI2AILWTWe2j0c6i2yFT/f9J6UBjeVGDuwDiPLkF/U5+/eTWUE3sbCZ1KgcPF6UJsDVYbIxaYA097MQA=="
    },
    "openzeppelin-solidity": {
      "version": "2.3.0",
      "resolved": "https://registry.npmjs.org/openzeppelin-solidity/-/openzeppelin-solidity-2.3.0.tgz",
      "integrity": "sha512-QYeiPLvB1oSbDt6lDQvvpx7k8ODczvE474hb2kLXZBPKMsxKT1WxTCHBYrCU7kS7hfAku4DcJ0jqOyL+jvjwQw=="
    }
  }
}
